
Microsoft Visual Studio Solution File, Format Version 12.00
# Visual Studio Version 16
VisualStudioVersion = 16.0.29728.190
MinimumVisualStudioVersion = 10.0.40219.1
Project("{9A19103F-16F7-4668-BE54-9A1E7A4F7556}") = "MyBlog.Web", "MyBlog.Web\MyBlog.Web.csproj", "{5EF419DD-B172-4CD6-AF6C-9EDF706CF6BC}"
	ProjectSection(ProjectDependencies) = postProject
		{CA46D02D-A99A-44D1-80B4-90C9AD5DA4E5} = {CA46D02D-A99A-44D1-80B4-90C9AD5DA4E5}
	EndProjectSection
EndProject
Project("{9A19103F-16F7-4668-BE54-9A1E7A4F7556}") = "MyBlog.DomainLogic", "MyBlog.Domain.Logic\MyBlog.DomainLogic.csproj", "{6313C2F6-028A-495A-A5AD-54F2A239462E}"
EndProject
Project("{9A19103F-16F7-4668-BE54-9A1E7A4F7556}") = "MyBlog.Data", "MyBlog.Data\MyBlog.Data.csproj", "{CA46D02D-A99A-44D1-80B4-90C9AD5DA4E5}"
EndProject
Project("{9A19103F-16F7-4668-BE54-9A1E7A4F7556}") = "MyBlog.Domain", "MyBlog.Domain\MyBlog.Domain.csproj", "{7A9400B2-E0BC-4700-B6C9-2A91660342AE}"
EndProject
Project("{FAE04EC0-301F-11D3-BF4B-00C04F79EFBC}") = "MyBlog.Tests", "MyBlog.Tests\MyBlog.Tests.csproj", "{E23C0F05-0CD6-41ED-BE4C-6E9319E89F22}"
EndProject
Global
	GlobalSection(SolutionConfigurationPlatforms) = preSolution
		Debug|Any CPU = Debug|Any CPU
		Release|Any CPU = Release|Any CPU
	EndGlobalSection
	GlobalSection(ProjectConfigurationPlatforms) = postSolution
		{5EF419DD-B172-4CD6-AF6C-9EDF706CF6BC}.Debug|Any CPU.ActiveCfg = Debug|Any CPU
		{5EF419DD-B172-4CD6-AF6C-9EDF706CF6BC}.Debug|Any CPU.Build.0 = Debug|Any CPU
		{5EF419DD-B172-4CD6-AF6C-9EDF706CF6BC}.Release|Any CPU.ActiveCfg = Release|Any CPU
		{5EF419DD-B172-4CD6-AF6C-9EDF706CF6BC}.Release|Any CPU.Build.0 = Release|Any CPU
		{6313C2F6-028A-495A-A5AD-54F2A239462E}.Debug|Any CPU.ActiveCfg = Debug|Any CPU
		{6313C2F6-028A-495A-A5AD-54F2A239462E}.Debug|Any CPU.Build.0 = Debug|Any CPU
		{6313C2F6-028A-495A-A5AD-54F2A239462E}.Release|Any CPU.ActiveCfg = Release|Any CPU
		{6313C2F6-028A-495A-A5AD-54F2A239462E}.Release|Any CPU.Build.0 = Release|Any CPU
		{CA46D02D-A99A-44D1-80B4-90C9AD5DA4E5}.Debug|Any CPU.ActiveCfg = Debug|Any CPU
		{CA46D02D-A99A-44D1-80B4-90C9AD5DA4E5}.Debug|Any CPU.Build.0 = Debug|Any CPU
		{CA46D02D-A99A-44D1-80B4-90C9AD5DA4E5}.Release|Any CPU.ActiveCfg = Release|Any CPU
		{CA46D02D-A99A-44D1-80B4-90C9AD5DA4E5}.Release|Any CPU.Build.0 = Release|Any CPU
		{7A9400B2-E0BC-4700-B6C9-2A91660342AE}.Debug|Any CPU.ActiveCfg = Debug|Any CPU
		{7A9400B2-E0BC-4700-B6C9-2A91660342AE}.Debug|Any CPU.Build.0 = Debug|Any CPU
		{7A9400B2-E0BC-4700-B6C9-2A91660342AE}.Release|Any CPU.ActiveCfg = Release|Any CPU
		{7A9400B2-E0BC-4700-B6C9-2A91660342AE}.Release|Any CPU.Build.0 = Release|Any CPU
		{E23C0F05-0CD6-41ED-BE4C-6E9319E89F22}.Debug|Any CPU.ActiveCfg = Debug|Any CPU
		{E23C0F05-0CD6-41ED-BE4C-6E9319E89F22}.Debug|Any CPU.Build.0 = Debug|Any CPU
		{E23C0F05-0CD6-41ED-BE4C-6E9319E89F22}.Release|Any CPU.ActiveCfg = Release|Any CPU
		{E23C0F05-0CD6-41ED-BE4C-6E9319E89F22}.Release|Any CPU.Build.0 = Release|Any CPU
	EndGlobalSection
	GlobalSection(SolutionProperties) = preSolution
		HideSolutionNode = FALSE
	EndGlobalSection
	GlobalSection(ExtensibilityGlobals) = postSolution
		SolutionGuid = {865357F1-A011-46C7-B2EB-86A9A90B9D32}
	EndGlobalSection
EndGlobal
